// !$*UTF8*$!
{
	archiveVersion = 1;
	classes = {
	};
	objectVersion = 50;
	objects = {

/* Begin PBXBuildFile section */
		3D3004432302EB800006032D /* AppDelegate.swift in Sources */ = {isa = PBXBuildFile; fileRef = 3D3004422302EB800006032D /* AppDelegate.swift */; };
		3D3004482302EB800006032D /* Main.storyboard in Resources */ = {isa = PBXBuildFile; fileRef = 3D3004462302EB800006032D /* Main.storyboard */; };
		3D30044A2302EB820006032D /* Assets.xcassets in Resources */ = {isa = PBXBuildFile; fileRef = 3D3004492302EB820006032D /* Assets.xcassets */; };
		3D30044D2302EB820006032D /* LaunchScreen.storyboard in Resources */ = {isa = PBXBuildFile; fileRef = 3D30044B2302EB820006032D /* LaunchScreen.storyboard */; };
		3D30045A2302F0720006032D /* NewsVC.swift in Sources */ = {isa = PBXBuildFile; fileRef = 3D3004592302F0720006032D /* NewsVC.swift */; };
		3D30045C2302F0800006032D /* WeatherVC.swift in Sources */ = {isa = PBXBuildFile; fileRef = 3D30045B2302F0800006032D /* WeatherVC.swift */; };
		3D30045E2302F08C0006032D /* SportsVC.swift in Sources */ = {isa = PBXBuildFile; fileRef = 3D30045D2302F08C0006032D /* SportsVC.swift */; };
/* End PBXBuildFile section */

/* Begin PBXFileReference section */
		3D30043F2302EB800006032D /* startYourDayRightApp.app */ = {isa = PBXFileReference; explicitFileType = wrapper.application; includeInIndex = 0; path = startYourDayRightApp.app; sourceTree = BUILT_PRODUCTS_DIR; };
		3D3004422302EB800006032D /* AppDelegate.swift */ = {isa = PBXFileReference; lastKnownFileType = sourcecode.swift; path = AppDelegate.swift; sourceTree = "<group>"; };
		3D3004472302EB800006032D /* Base */ = {isa = PBXFileReference; lastKnownFileType = file.storyboard; name = Base; path = Base.lproj/Main.storyboard; sourceTree = "<group>"; };
		3D3004492302EB820006032D /* Assets.xcassets */ = {isa = PBXFileReference; lastKnownFileType = folder.assetcatalog; path = Assets.xcassets; sourceTree = "<group>"; };
		3D30044C2302EB820006032D /* Base */ = {isa = PBXFileReference; lastKnownFileType = file.storyboard; name = Base; path = Base.lproj/LaunchScreen.storyboard; sourceTree = "<group>"; };
		3D30044E2302EB820006032D /* Info.plist */ = {isa = PBXFileReference; lastKnownFileType = text.plist.xml; path = Info.plist; sourceTree = "<group>"; };
		3D3004592302F0720006032D /* NewsVC.swift */ = {isa = PBXFileReference; lastKnownFileType = sourcecode.swift; path = NewsVC.swift; sourceTree = "<group>"; };
		3D30045B2302F0800006032D /* WeatherVC.swift */ = {isa = PBXFileReference; lastKnownFileType = sourcecode.swift; path = WeatherVC.swift; sourceTree = "<group>"; };
		3D30045D2302F08C0006032D /* SportsVC.swift */ = {isa = PBXFileReference; lastKnownFileType = sourcecode.swift; path = SportsVC.swift; sourceTree = "<group>"; };
/* End PBXFileReference section */

/* Begin PBXFrameworksBuildPhase section */
		3D30043C2302EB800006032D /* Frameworks */ = {
			isa = PBXFrameworksBuildPhase;
			buildActionMask = 2147483647;
			files = (
			);
			runOnlyForDeploymentPostprocessing = 0;
		};
/* End PBXFrameworksBuildPhase section */

/* Begin PBXGroup section */
		3D3004362302EB800006032D = {
			isa = PBXGroup;
			children = (
				3D3004412302EB800006032D /* startYourDayRightApp */,
				3D3004402302EB800006032D /* Products */,
			);
			sourceTree = "<group>";
		};
		3D3004402302EB800006032D /* Products */ = {
			isa = PBXGroup;
			children = (
				3D30043F2302EB800006032D /* startYourDayRightApp.app */,
			);
			name = Products;
			sourceTree = "<group>";
		};
		3D3004412302EB800006032D /* startYourDayRightApp */ = {
			isa = PBXGroup;
			children = (
				3D3004542302ED870006032D /* Models */,
				3D3004552302ED8F0006032D /* View */,
				3D3004562302ED950006032D /* Controllers */,
				3D3004492302EB820006032D /* Assets.xcassets */,
				3D3004422302EB800006032D /* AppDelegate.swift */,
				3D30044E2302EB820006032D /* Info.plist */,
			);
			path = startYourDayRightApp;
			sourceTree = "<group>";
		};
		3D3004542302ED870006032D /* Models */ = {
			isa = PBXGroup;
			children = (
			);
			path = Models;
			sourceTree = "<group>";
		};
		3D3004552302ED8F0006032D /* View */ = {
			isa = PBXGroup;
			children = (
				3D3004462302EB800006032D /* Main.storyboard */,
				3D30044B2302EB820006032D /* LaunchScreen.storyboard */,
			);
			path = View;
			sourceTree = "<group>";
		};
		3D3004562302ED950006032D /* Controllers */ = {
			isa = PBXGroup;
			children = (
				3D3004592302F0720006032D /* NewsVC.swift */,
				3D30045B2302F0800006032D /* WeatherVC.swift */,
				3D30045D2302F08C0006032D /* SportsVC.swift */,
			);
			path = Controllers;
			sourceTree = "<group>";
		};
/* End PBXGroup section */

/* Begin PBXNativeTarget section */
		3D30043E2302EB800006032D /* startYourDayRightApp */ = {
			isa = PBXNativeTarget;
			buildConfigurationList = 3D3004512302EB820006032D /* Build configuration list for PBXNativeTarget "startYourDayRightApp" */;
			buildPhases = (
				3D30043B2302EB800006032D /* Sources */,
				3D30043C2302EB800006032D /* Frameworks */,
				3D30043D2302EB800006032D /* Resources */,
			);
			buildRules = (
			);
			dependencies = (
			);
			name = startYourDayRightApp;
			productName = startYourDayRightApp;
			productReference = 3D30043F2302EB800006032D /* startYourDayRightApp.app */;
			productType = "com.apple.product-type.application";
		};
/* End PBXNativeTarget section */

/* Begin PBXProject section */
		3D3004372302EB800006032D /* Project object */ = {
			isa = PBXProject;
			attributes = {
				LastSwiftUpdateCheck = 1030;
				LastUpgradeCheck = 1030;
				ORGANIZATIONNAME = "West Kraemer";
				TargetAttributes = {
					3D30043E2302EB800006032D = {
						CreatedOnToolsVersion = 10.3;
					};
				};
			};
			buildConfigurationList = 3D30043A2302EB800006032D /* Build configuration list for PBXProject "startYourDayRightApp" */;
			compatibilityVersion = "Xcode 9.3";
			developmentRegion = en;
			hasScannedForEncodings = 0;
			knownRegions = (
				en,
				Base,
			);
			mainGroup = 3D3004362302EB800006032D;
			productRefGroup = 3D3004402302EB800006032D /* Products */;
			projectDirPath = "";
			projectRoot = "";
			targets = (
				3D30043E2302EB800006032D /* startYourDayRightApp */,
			);
		};
/* End PBXProject section */

/* Begin PBXResourcesBuildPhase section */
		3D30043D2302EB800006032D /* Resources */ = {
			isa = PBXResourcesBuildPhase;
			buildActionMask = 2147483647;
			files = (
				3D30044D2302EB820006032D /* LaunchScreen.storyboard in Resources */,
				3D30044A2302EB820006032D /* Assets.xcassets in Resources */,
				3D3004482302EB800006032D /* Main.storyboard in Resources */,
			);
			runOnlyForDeploymentPostprocessing = 0;
		};
/* End PBXResourcesBuildPhase section */

/* Begin PBXSourcesBuildPhase section */
		3D30043B2302EB800006032D /* Sources */ = {
			isa = PBXSourcesBuildPhase;
			buildActionMask = 2147483647;
			files = (
				3D3004432302EB800006032D /* AppDelegate.swift in Sources */,
				3D30045E2302F08C0006032D /* SportsVC.swift in Sources */,
				3D30045C2302F0800006032D /* WeatherVC.swift in Sources */,
				3D30045A2302F0720006032D /* NewsVC.swift in Sources */,
			);
			runOnlyForDeploymentPostprocessing = 0;
		};
/* End PBXSourcesBuildPhase section */

/* Begin PBXVariantGroup section */
		3D3004462302EB800006032D /* Main.storyboard */ = {
			isa = PBXVariantGroup;
			children = (
				3D3004472302EB800006032D /* Base */,
			);
			name = Main.storyboard;
			sourceTree = "<group>";
		};
		3D30044B2302EB820006032D /* LaunchScreen.storyboard */ = {
			isa = PBXVariantGroup;
			children = (
				3D30044C2302EB820006032D /* Base */,
			);
			name = LaunchScreen.storyboard;
			sourceTree = "<group>";
		};
/* End PBXVariantGroup section */

/* Begin XCBuildConfiguration section */
		3D30044F2302EB820006032D /* Debug */ = {
			isa = XCBuildConfiguration;
			buildSettings = {
				ALWAYS_SEARCH_USER_PATHS = NO;
				CLANG_ANALYZER_NONNULL = YES;
				CLANG_ANALYZER_NUMBER_OBJECT_CONVERSION = YES_AGGRESSIVE;
				CLANG_CXX_LANGUAGE_STANDARD = "gnu++14";
				CLANG_CXX_LIBRARY = "libc++";
				CLANG_ENABLE_MODULES = YES;
				CLANG_ENABLE_OBJC_ARC = YES;
				CLANG_ENABLE_OBJC_WEAK = YES;
				CLANG_WARN_BLOCK_CAPTURE_AUTORELEASING = YES;
				CLANG_WARN_BOOL_CONVERSION = YES;
				CLANG_WARN_COMMA = YES;
				CLANG_WARN_CONSTANT_CONVERSION = YES;
				CLANG_WARN_DEPRECATED_OBJC_IMPLEMENTATIONS = YES;
				CLANG_WARN_DIRECT_OBJC_ISA_USAGE = YES_ERROR;
				CLANG_WARN_DOCUMENTATION_COMMENTS = YES;
				CLANG_WARN_EMPTY_BODY = YES;
				CLANG_WARN_ENUM_CONVERSION = YES;
				CLANG_WARN_INFINITE_RECURSION = YES;
				CLANG_WARN_INT_CONVERSION = YES;
				CLANG_WARN_NON_LITERAL_NULL_CONVERSION = YES;
				CLANG_WARN_OBJC_IMPLICIT_RETAIN_SELF = YES;
				CLANG_WARN_OBJC_LITERAL_CONVERSION = YES;
				CLANG_WARN_OBJC_ROOT_CLASS = YES_ERROR;
				CLANG_WARN_RANGE_LOOP_ANALYSIS = YES;
				CLANG_WARN_STRICT_PROTOTYPES = YES;
				CLANG_WARN_SUSPICIOUS_MOVE = YES;
				CLANG_WARN_UNGUARDED_AVAILABILITY = YES_AGGRESSIVE;
				CLANG_WARN_UNREACHABLE_CODE = YES;
				CLANG_WARN__DUPLICATE_METHOD_MATCH = YES;
				CODE_SIGN_IDENTITY = "iPhone Developer";
				COPY_PHASE_STRIP = NO;
				DEBUG_INFORMATION_FORMAT = dwarf;
				ENABLE_STRICT_OBJC_MSGSEND = YES;
				ENABLE_TESTABILITY = YES;
				GCC_C_LANGUAGE_STANDARD = gnu11;
				GCC_DYNAMIC_NO_PIC = NO;
				GCC_NO_COMMON_BLOCKS = YES;
				GCC_OPTIMIZATION_LEVEL = 0;
				GCC_PREPROCESSOR_DEFINITIONS = (
					"DEBUG=1",
					"$(inherited)",
				);
				GCC_WARN_64_TO_32_BIT_CONVERSION = YES;
				GCC_WARN_ABOUT_RETURN_TYPE = YES_ERROR;
				GCC_WARN_UNDECLARED_SELECTOR = YES;
				GCC_WARN_UNINITIALIZED_AUTOS = YES_AGGRESSIVE;
				GCC_WARN_UNUSED_FUNCTION = YES;
				GCC_WARN_UNUSED_VARIABLE = YES;
				IPHONEOS_DEPLOYMENT_TARGET = 12.4;
				MTL_ENABLE_DEBUG_INFO = INCLUDE_SOURCE;
				MTL_FAST_MATH = YES;
				ONLY_ACTIVE_ARCH = YES;
				SDKROOT = iphoneos;
				SWIFT_ACTIVE_COMPILATION_CONDITIONS = DEBUG;
				SWIFT_OPTIMIZATION_LEVEL = "-Onone";
			};
			name = Debug;
		};
		3D3004502302EB820006032D /* Release */ = {
			isa = XCBuildConfiguration;
			buildSettings = {
				ALWAYS_SEARCH_USER_PATHS = NO;
				CLANG_ANALYZER_NONNULL = YES;
				CLANG_ANALYZER_NUMBER_OBJECT_CONVERSION = YES_AGGRESSIVE;
				CLANG_CXX_LANGUAGE_STANDARD = "gnu++14";
				CLANG_CXX_LIBRARY = "libc++";
				CLANG_ENABLE_MODULES = YES;
				CLANG_ENABLE_OBJC_ARC = YES;
				CLANG_ENABLE_OBJC_WEAK = YES;
				CLANG_WARN_BLOCK_CAPTURE_AUTORELEASING = YES;
				CLANG_WARN_BOOL_CONVERSION = YES;
				CLANG_WARN_COMMA = YES;
				CLANG_WARN_CONSTANT_CONVERSION = YES;
				CLANG_WARN_DEPRECATED_OBJC_IMPLEMENTATIONS = YES;
				CLANG_WARN_DIRECT_OBJC_ISA_USAGE = YES_ERROR;
				CLANG_WARN_DOCUMENTATION_COMMENTS = YES;
				CLANG_WARN_EMPTY_BODY = YES;
				CLANG_WARN_ENUM_CONVERSION = YES;
				CLANG_WARN_INFINITE_RECURSION = YES;
				CLANG_WARN_INT_CONVERSION = YES;
				CLANG_WARN_NON_LITERAL_NULL_CONVERSION = YES;
				CLANG_WARN_OBJC_IMPLICIT_RETAIN_SELF = YES;
				CLANG_WARN_OBJC_LITERAL_CONVERSION = YES;
				CLANG_WARN_OBJC_ROOT_CLASS = YES_ERROR;
				CLANG_WARN_RANGE_LOOP_ANALYSIS = YES;
				CLANG_WARN_STRICT_PROTOTYPES = YES;
				CLANG_WARN_SUSPICIOUS_MOVE = YES;
				CLANG_WARN_UNGUARDED_AVAILABILITY = YES_AGGRESSIVE;
				CLANG_WARN_UNREACHABLE_CODE = YES;
				CLANG_WARN__DUPLICATE_METHOD_MATCH = YES;
				CODE_SIGN_IDENTITY = "iPhone Developer";
				COPY_PHASE_STRIP = NO;
				DEBUG_INFORMATION_FORMAT = "dwarf-with-dsym";
				ENABLE_NS_ASSERTIONS = NO;
				ENABLE_STRICT_OBJC_MSGSEND = YES;
				GCC_C_LANGUAGE_STANDARD = gnu11;
				GCC_NO_COMMON_BLOCKS = YES;
				GCC_WARN_64_TO_32_BIT_CONVERSION = YES;
				GCC_WARN_ABOUT_RETURN_TYPE = YES_ERROR;
				GCC_WARN_UNDECLARED_SELECTOR = YES;
				GCC_WARN_UNINITIALIZED_AUTOS = YES_AGGRESSIVE;
				GCC_WARN_UNUSED_FUNCTION = YES;
				GCC_WARN_UNUSED_VARIABLE = YES;
				IPHONEOS_DEPLOYMENT_TARGET = 12.4;
				MTL_ENABLE_DEBUG_INFO = NO;
				MTL_FAST_MATH = YES;
				SDKROOT = iphoneos;
				SWIFT_COMPILATION_MODE = wholemodule;
				SWIFT_OPTIMIZATION_LEVEL = "-O";
				VALIDATE_PRODUCT = YES;
			};
			name = Release;
		};
		3D3004522302EB820006032D /* Debug */ = {
			isa = XCBuildConfiguration;
			buildSettings = {
				ASSETCATALOG_COMPILER_APPICON_NAME = AppIcon;
				CODE_SIGN_STYLE = Automatic;
				DEVELOPMENT_TEAM = 7LN94YUJ88;
				INFOPLIST_FILE = startYourDayRightApp/Info.plist;
				LD_RUNPATH_SEARCH_PATHS = (
					"$(inherited)",
					"@executable_path/Frameworks",
				);
				PRODUCT_BUNDLE_IDENTIFIER = west.startYourDayRightApp;
				PRODUCT_NAME = "$(TARGET_NAME)";
				SWIFT_VERSION = 5.0;
				TARGETED_DEVICE_FAMILY = "1,2";
			};
			name = Debug;
		};
		3D3004532302EB820006032D /* Release */ = {
			isa = XCBuildConfiguration;
			buildSettings = {
				ASSETCATALOG_COMPILER_APPICON_NAME = AppIcon;
				CODE_SIGN_STYLE = Automatic;
				DEVELOPMENT_TEAM = 7LN94YUJ88;
				INFOPLIST_FILE = startYourDayRightApp/Info.plist;
				LD_RUNPATH_SEARCH_PATHS = (
					"$(inherited)",
					"@executable_path/Frameworks",
				);
				PRODUCT_BUNDLE_IDENTIFIER = west.startYourDayRightApp;
				PRODUCT_NAME = "$(TARGET_NAME)";
				SWIFT_VERSION = 5.0;
				TARGETED_DEVICE_FAMILY = "1,2";
			};
			name = Release;
		};
/* End XCBuildConfiguration section */

/* Begin XCConfigurationList section */
		3D30043A2302EB800006032D /* Build configuration list for PBXProject "startYourDayRightApp" */ = {
			isa = XCConfigurationList;
			buildConfigurations = (
				3D30044F2302EB820006032D /* Debug */,
				3D3004502302EB820006032D /* Release */,
			);
			defaultConfigurationIsVisible = 0;
			defaultConfigurationName = Release;
		};
		3D3004512302EB820006032D /* Build configuration list for PBXNativeTarget "startYourDayRightApp" */ = {
			isa = XCConfigurationList;
			buildConfigurations = (
				3D3004522302EB820006032D /* Debug */,
				3D3004532302EB820006032D /* Release */,
			);
			defaultConfigurationIsVisible = 0;
			defaultConfigurationName = Release;
		};
/* End XCConfigurationList section */
	};
	rootObject = 3D3004372302EB800006032D /* Project object */;
}
